
Microsoft Visual Studio Solution File, Format Version 12.00
# Visual Studio Version 16
VisualStudioVersion = 16.0.30320.27
MinimumVisualStudioVersion = 10.0.40219.1
Project("{FAE04EC0-301F-11D3-BF4B-00C04F79EFBC}") = "PokeCollectorV2", "PokeCollectorV2.csproj", "{92754AB7-2A88-4C99-AF21-723563252EC5}"
EndProject
Project("{FAE04EC0-301F-11D3-BF4B-00C04F79EFBC}") = "PokeCollectorUnitTest", "PokeCollectorUnitTest\PokeCollectorUnitTest.csproj", "{A37F9433-493A-471E-AF86-A5946EEF09CF}"
EndProject
Project("{9A19103F-16F7-4668-BE54-9A1E7A4F7556}") = "PokeCollectorData", "PokeCollectorData\PokeCollectorData.csproj", "{769D07E0-2161-42E0-A1C2-602BF6785A50}"
EndProject
Project("{9A19103F-16F7-4668-BE54-9A1E7A4F7556}") = "PokeCollectorLogic", "PokeCollectorLogic\PokeCollectorLogic.csproj", "{99D711A2-135C-4132-8CC4-E96FF5157C66}"
EndProject
Global
	GlobalSection(SolutionConfigurationPlatforms) = preSolution
		Debug|Any CPU = Debug|Any CPU
		Release|Any CPU = Release|Any CPU
	EndGlobalSection
	GlobalSection(ProjectConfigurationPlatforms) = postSolution
		{92754AB7-2A88-4C99-AF21-723563252EC5}.Debug|Any CPU.ActiveCfg = Debug|Any CPU
		{92754AB7-2A88-4C99-AF21-723563252EC5}.Debug|Any CPU.Build.0 = Debug|Any CPU
		{92754AB7-2A88-4C99-AF21-723563252EC5}.Release|Any CPU.ActiveCfg = Release|Any CPU
		{92754AB7-2A88-4C99-AF21-723563252EC5}.Release|Any CPU.Build.0 = Release|Any CPU
		{A37F9433-493A-471E-AF86-A5946EEF09CF}.Debug|Any CPU.ActiveCfg = Debug|Any CPU
		{A37F9433-493A-471E-AF86-A5946EEF09CF}.Debug|Any CPU.Build.0 = Debug|Any CPU
		{A37F9433-493A-471E-AF86-A5946EEF09CF}.Release|Any CPU.ActiveCfg = Release|Any CPU
		{A37F9433-493A-471E-AF86-A5946EEF09CF}.Release|Any CPU.Build.0 = Release|Any CPU
		{769D07E0-2161-42E0-A1C2-602BF6785A50}.Debug|Any CPU.ActiveCfg = Debug|Any CPU
		{769D07E0-2161-42E0-A1C2-602BF6785A50}.Debug|Any CPU.Build.0 = Debug|Any CPU
		{769D07E0-2161-42E0-A1C2-602BF6785A50}.Release|Any CPU.ActiveCfg = Release|Any CPU
		{769D07E0-2161-42E0-A1C2-602BF6785A50}.Release|Any CPU.Build.0 = Release|Any CPU
		{99D711A2-135C-4132-8CC4-E96FF5157C66}.Debug|Any CPU.ActiveCfg = Debug|Any CPU
		{99D711A2-135C-4132-8CC4-E96FF5157C66}.Debug|Any CPU.Build.0 = Debug|Any CPU
		{99D711A2-135C-4132-8CC4-E96FF5157C66}.Release|Any CPU.ActiveCfg = Release|Any CPU
		{99D711A2-135C-4132-8CC4-E96FF5157C66}.Release|Any CPU.Build.0 = Release|Any CPU
	EndGlobalSection
	GlobalSection(SolutionProperties) = preSolution
		HideSolutionNode = FALSE
	EndGlobalSection
	GlobalSection(ExtensibilityGlobals) = postSolution
		SolutionGuid = {41F00E66-DAB6-4FD7-B012-413A16119F49}
	EndGlobalSection
EndGlobal
